[[source]]
name = "CRAN"
url = "https://cloud.r-project.org/"

[[entry]]
categories = []
dependencies = [ "checkmate", "devtools", "dplyr", "ggfortify", "ggplot2", "gridExtra", "hce", "here", "lintr", "survival", "tidyr",]
type = "root"

[[entry]]
categories = [ "main",]
dependencies = [ "grDevices", "graphics", "methods", "stats", "utils",]
name = "MASS"
version = "7.3-58.1"
source = "CRAN"
r_constraint = ">=3.3.0"
type = "source"
[[entry.files]]
name = "MASS_7.3-58.1.tar.gz"
hash = "sha256:f704e4e2fb131740d023ae1755c925c2e684886a3061b08e26397135f1231420"
md5 = "ac20a20a32975f4dd46ab294deef7642"


[[entry]]
categories = [ "main",]
dependencies = [ "graphics", "grid", "lattice", "methods", "stats", "utils",]
name = "Matrix"
version = "1.5-1"
source = "CRAN"
r_constraint = ">=3.5.0"
type = "source"
[[entry.files]]
name = "Matrix_1.5-1.tar.gz"
hash = "sha256:557dba0358172d67dc63eb5db90841915bb5ce1528f941a8005ae808d635575d"
md5 = "e63294ce1817a8dda8a7ba7ebd9d6baa"


[[entry]]
categories = [ "dev", "main",]
dependencies = []
name = "R6"
version = "2.5.1"
source = "CRAN"
r_constraint = ">=3.0"
type = "source"
[[entry.files]]
name = "R6_2.5.1.tar.gz"
hash = "sha256:8d92bd29c2ed7bf15f2778618ffe4a95556193d21d8431a7f75e7e5fc102bf48"
md5 = "e84fd376e246738402e5529b6d52e101"


[[entry]]
categories = [ "main",]
dependencies = []
name = "RColorBrewer"
version = "1.1-3"
source = "CRAN"
r_constraint = ">=2.0.0"
type = "source"
[[entry.files]]
name = "RColorBrewer_1.1-3.tar.gz"
hash = "sha256:4f42f5423c45688b39f492c7892d93f37b4541831c8ffb140364d2bd89031ac0"
md5 = "9b687595bbe02a7e43fc195ba33f065c"


[[entry]]
categories = [ "dev",]
dependencies = [ "methods", "utils",]
name = "Rcpp"
version = "1.0.9"
source = "CRAN"
r_constraint = "*"
type = "source"
[[entry.files]]
name = "Rcpp_1.0.9.tar.gz"
hash = "sha256:807cec06dc4a96d54904360f6144466f084a7ed411ce5d2eea486a9b3c229176"
md5 = "5c239588657c9970e0f8ed9192abb563"


[[entry]]
categories = [ "dev",]
dependencies = [ "sys",]
name = "askpass"
version = "1.1"
source = "CRAN"
r_constraint = "*"
type = "source"
[[entry.files]]
name = "askpass_1.1.tar.gz"
hash = "sha256:db40827d1bdbb90c0aa2846a2961d3bf9d76ad1b392302f9dd84cc2fd18c001f"
md5 = "a00d6599ff99f501534c1d965a1fd3b4"


[[entry]]
categories = [ "dev", "main",]
dependencies = []
name = "backports"
version = "1.4.1"
source = "CRAN"
r_constraint = ">=3.0.0"
type = "source"
[[entry.files]]
name = "backports_1.4.1.tar.gz"
hash = "sha256:845c3c59fbb05e5a892c4231b955a0afdd331d82b7cc815bcff0672023242474"
md5 = "1cc19c4a800a38f30b4d48eccd2478c4"


[[entry]]
categories = [ "main",]
dependencies = []
name = "base"
type = "core"

[[entry]]
categories = [ "dev",]
dependencies = []
name = "base64enc"
version = "0.1-3"
source = "CRAN"
r_constraint = ">=2.9.0"
type = "source"
[[entry.files]]
name = "base64enc_0.1-3.tar.gz"
hash = "sha256:6d856d8a364bcdc499a0bf38bfd283b7c743d08f0b288174fba7dbf0a04b688d"
md5 = "0f476dacdd11a3e0ad56d13f5bc2f190"


[[entry]]
categories = [ "dev",]
dependencies = []
name = "brew"
version = "1.0-8"
source = "CRAN"
r_constraint = "*"
type = "source"
[[entry.files]]
name = "brew_1.0-8.tar.gz"
hash = "sha256:11652d5a7042d645cc5be5f9f97ff4d46083cea7d3ad2dd6ad1570b52c097826"
md5 = "856a288da514a38bcd8793ae471275bc"


[[entry]]
categories = [ "dev",]
dependencies = []
name = "brio"
version = "1.1.3"
source = "CRAN"
r_constraint = "*"
type = "source"
[[entry.files]]
name = "brio_1.1.3.tar.gz"
hash = "sha256:eaa89041856189bee545bf1c42c7920a0bb0f1f70bb477487c467ee3e8fedcc6"
md5 = "33560fedf56bcd9507892631a527507a"


[[entry]]
categories = [ "dev",]
dependencies = [ "cachem", "grDevices", "htmltools", "jquerylib", "jsonlite", "memoise", "rlang", "sass",]
name = "bslib"
version = "0.4.0"
source = "CRAN"
r_constraint = ">=2.10"
type = "source"
[[entry.files]]
name = "bslib_0.4.0.tar.gz"
hash = "sha256:fbea4ecec726f23618e825624f1d9c03939f765ca5a490b171ebf95b815475c2"
md5 = "f87443166da11799c80befce0d09b3ea"


[[entry]]
categories = [ "dev",]
dependencies = [ "fastmap", "rlang",]
name = "cachem"
version = "1.0.6"
source = "CRAN"
r_constraint = "*"
type = "source"
[[entry.files]]
name = "cachem_1.0.6.tar.gz"
hash = "sha256:9a9452f7bcf3f79436c418b3c3290449fb8fd338714d9b992153754d112f1864"
md5 = "dda8ecf0d6c2b287134bb926824f3551"


[[entry]]
categories = [ "dev",]
dependencies = [ "R6", "processx", "utils",]
name = "callr"
version = "3.7.2"
source = "CRAN"
r_constraint = ">=3.4"
type = "source"
[[entry.files]]
name = "callr_3.7.2.tar.gz"
hash = "sha256:12da8a212679e450d8d43c3c6e61ed09b82047f376f316f6f6392f1638580307"
md5 = "7600b8a0c102980ab40154bfdfeb2878"


[[entry]]
categories = [ "main",]
dependencies = [ "backports", "utils",]
name = "checkmate"
version = "2.1.0"
source = "CRAN"
r_constraint = ">=3.0.0"
type = "source"
[[entry.files]]
name = "checkmate_2.1.0.tar.gz"
hash = "sha256:b784dd5163a0350d084ef34882d9781373839dedeaa9a8b8e6187d773d0d21c6"
md5 = "474d4e31514d17fc48c1673f6ad3392c"


[[entry]]
categories = [ "dev", "main",]
dependencies = [ "utils",]
name = "cli"
version = "3.4.1"
source = "CRAN"
r_constraint = ">=3.4"
type = "source"
[[entry.files]]
name = "cli_3.4.1.tar.gz"
hash = "sha256:1c585efbfd8b8685c66fac34bcb60f28c351691bb4b9931df214e6e47fd9744e"
md5 = "82dbedde9ce898654259d7884694887e"


[[entry]]
categories = [ "dev",]
dependencies = [ "utils",]
name = "clipr"
version = "0.8.0"
source = "CRAN"
r_constraint = "*"
type = "source"
[[entry.files]]
name = "clipr_0.8.0.tar.gz"
hash = "sha256:32c2931992fbec9c31b71de3e27059f1cbb45b4b1f45fd42e0e8dbcec6de3be9"
md5 = "558ddf145114bbc0272e6aed05b8e5fe"


[[entry]]
categories = [ "dev",]
dependencies = []
name = "codetools"
version = "0.2-18"
source = "CRAN"
r_constraint = ">=2.1"
type = "source"
[[entry.files]]
name = "codetools_0.2-18.tar.gz"
hash = "sha256:1a9ea6b9792dbd1688078455929385acc3a5e4bef945c77bec1261fa4a084c28"
md5 = "2603f5eea6378e889b198f8af5cb5985"


[[entry]]
categories = [ "main",]
dependencies = [ "grDevices", "graphics", "methods", "stats",]
name = "colorspace"
version = "2.0-3"
source = "CRAN"
r_constraint = ">=3.0.0"
type = "source"
[[entry.files]]
name = "colorspace_2.0-3.tar.gz"
hash = "sha256:e75681cc4dd6e4b70303fd96a6d4597065dc6bffcaa4ae4244b73ff19016857f"
md5 = "9e8ca3d4343ce80c0decfc5d02b9105c"


[[entry]]
categories = [ "dev",]
dependencies = []
name = "commonmark"
version = "1.8.0"
source = "CRAN"
r_constraint = "*"
type = "source"
[[entry.files]]
name = "commonmark_1.8.0.tar.gz"
hash = "sha256:7d07e72937b1cf158e69f183722bf79dbb91b8967a9dd29f4fa145500c2be668"
md5 = "c0a423af12c676209d054cb8c7d0c5a5"


[[entry]]
categories = [ "dev", "main",]
dependencies = []
name = "cpp11"
version = "0.4.2"
source = "CRAN"
r_constraint = "*"
type = "source"
[[entry.files]]
name = "cpp11_0.4.2.tar.gz"
hash = "sha256:403ce0bf82358d237176053b0fb1e958cb6bfa4d0fb3555bf5801db6a6939b99"
md5 = "fa9215674c16c4740f02fb1f780bdfa9"


[[entry]]
categories = [ "dev",]
dependencies = [ "grDevices", "methods", "utils",]
name = "crayon"
version = "1.5.2"
source = "CRAN"
r_constraint = "*"
type = "source"
[[entry.files]]
name = "crayon_1.5.2.tar.gz"
hash = "sha256:70a9a505b5b3c0ee6682ad8b965e28b7e24d9f942160d0a2bad18eec22b45a7a"
md5 = "7c5b681dd3da578b5d154b2b01491c02"


[[entry]]
categories = [ "dev",]
dependencies = [ "askpass", "curl", "jsonlite", "openssl", "sys",]
name = "credentials"
version = "1.3.2"
source = "CRAN"
r_constraint = "*"
type = "source"
[[entry.files]]
name = "credentials_1.3.2.tar.gz"
hash = "sha256:2ffa7c11bedbfa034adf553d0a2f2e4f6a496b858af753a09a89219cff9028b8"
md5 = "cd41107f631771258b8cca3a1bfa3556"


[[entry]]
categories = [ "dev",]
dependencies = []
name = "curl"
version = "4.3.3"
source = "CRAN"
r_constraint = ">=3.0.0"
type = "source"
[[entry.files]]
name = "curl_4.3.3.tar.gz"
hash = "sha256:3567b6acad40dad68acfe07511c853824839d451a50219a96dd6d125ed617c9e"
md5 = "a1c03176bb842c83104bb101ecf40a33"


[[entry]]
categories = [ "dev",]
dependencies = [ "callr", "crayon", "desc", "remotes", "withr",]
name = "cyclocomp"
version = "1.1.0"
source = "CRAN"
r_constraint = "*"
type = "source"
[[entry.files]]
name = "cyclocomp_1.1.0.tar.gz"
hash = "sha256:cdbf65f87bccac53c1527a2f1269ec7840820c18503a7bb854910b30b71e7e3e"
md5 = "f2e9acc45196fd255f85915d00e9332e"


[[entry]]
categories = [ "dev",]
dependencies = [ "R6", "cli", "rprojroot", "utils",]
name = "desc"
version = "1.4.2"
source = "CRAN"
r_constraint = ">=3.4"
type = "source"
[[entry.files]]
name = "desc_1.4.2.tar.gz"
hash = "sha256:758acf14be478c09ba7e84ade3a7ce512becf35d44e5e6a997b932065f2a227c"
md5 = "99d01929865e08ea01627e9c3bbcff3f"


[[entry]]
categories = [ "dev",]
dependencies = [ "cli", "desc", "ellipsis", "fs", "lifecycle", "memoise", "miniUI", "pkgbuild", "pkgdown", "pkgload", "profvis", "rcmdcheck", "remotes", "rlang", "roxygen2", "rversions", "sessioninfo", "stats", "testthat", "tools", "urlchecker", "usethis", "utils", "withr",]
name = "devtools"
version = "2.4.4"
source = "CRAN"
r_constraint = ">=3.0.2"
type = "source"
[[entry.files]]
name = "devtools_2.4.4.tar.gz"
hash = "sha256:acd6759d269f30893eda173a738b1ce6537a11313c8e8e12e116452c4296934d"
md5 = "8dfa437d3573cbc66b8820471bb17af8"


[[entry]]
categories = [ "dev",]
dependencies = [ "crayon", "methods", "stats", "tools", "utils",]
name = "diffobj"
version = "0.3.5"
source = "CRAN"
r_constraint = ">=3.1.0"
type = "source"
[[entry.files]]
name = "diffobj_0.3.5.tar.gz"
hash = "sha256:d860a79b1d4c9e369282d7391b539fe89228954854a65ba47181407c53e3cf60"
md5 = "dffa0a111b1f8766d0b64a2cd7138d09"


[[entry]]
categories = [ "dev", "main",]
dependencies = [ "utils",]
name = "digest"
version = "0.6.29"
source = "CRAN"
r_constraint = ">=3.3.0"
type = "source"
[[entry.files]]
name = "digest_0.6.29.tar.gz"
hash = "sha256:792c1f14a4c8047745152f5e45ce7351978af8d770c29d2ea39c7acd5d619cd9"
md5 = "90c3726bf088f74df10a4e724c358e50"


[[entry]]
categories = [ "dev",]
dependencies = [ "brio", "desc", "digest", "evaluate", "fansi", "memoise", "rlang", "vctrs", "withr", "yaml",]
name = "downlit"
version = "0.4.2"
source = "CRAN"
r_constraint = ">=3.4.0"
type = "source"
[[entry.files]]
name = "downlit_0.4.2.tar.gz"
hash = "sha256:33dff66909104d1a5ba8e57b1288986e82b61fd5e91dce0cd358d53724b37e3c"
md5 = "690f4992c239d14227d29b3948dd9aac"


[[entry]]
categories = [ "main",]
dependencies = [ "R6", "generics", "glue", "lifecycle", "magrittr", "methods", "pillar", "rlang", "tibble", "tidyselect", "utils", "vctrs",]
name = "dplyr"
version = "1.0.10"
source = "CRAN"
r_constraint = ">=3.4.0"
type = "source"
[[entry.files]]
name = "dplyr_1.0.10.tar.gz"
hash = "sha256:3ab639f627b4e439052df18f193f0ccab223225a4ae2ff8c18aba4f9807e0f2b"
md5 = "ebf8827b372abc1a6c188d69df534a3e"


[[entry]]
categories = [ "dev", "main",]
dependencies = [ "rlang",]
name = "ellipsis"
version = "0.3.2"
source = "CRAN"
r_constraint = ">=3.2"
type = "source"
[[entry.files]]
name = "ellipsis_0.3.2.tar.gz"
hash = "sha256:a90266e5eb59c7f419774d5c6d6bd5e09701a26c9218c5933c9bce6765aa1558"
md5 = "c453b4514da3717af5d5b97f0e3d2415"


[[entry]]
categories = [ "dev",]
dependencies = [ "methods",]
name = "evaluate"
version = "0.17"
source = "CRAN"
r_constraint = ">=3.0.2"
type = "source"
[[entry.files]]
name = "evaluate_0.17.tar.gz"
hash = "sha256:49c743c94cb967911af0e5555861a3762cd840b98578882671b583cff86ba963"
md5 = "bef2ef204ffbfb5e1d5e854e33fdf6ab"


[[entry]]
categories = [ "dev", "main",]
dependencies = [ "grDevices", "utils",]
name = "fansi"
version = "1.0.3"
source = "CRAN"
r_constraint = ">=3.1.0"
type = "source"
[[entry.files]]
name = "fansi_1.0.3.tar.gz"
hash = "sha256:86a7b83d8c9d28baebbde310cd0b459d0950a9c7ff1a6276ce5858f6a89bc06a"
md5 = "2485d507e99ef05314f873a486a7723d"


[[entry]]
categories = [ "main",]
dependencies = []
name = "farver"
version = "2.1.1"
source = "CRAN"
r_constraint = "*"
type = "source"
[[entry.files]]
name = "farver_2.1.1.tar.gz"
hash = "sha256:0dcfda6ca743f465372790bcff1bcbc6a7145fdac1c682b021f654e8c6c996ce"
md5 = "8a6b2956ba4d30911c3f2e8593eac362"


[[entry]]
categories = [ "dev",]
dependencies = []
name = "fastmap"
version = "1.1.0"
source = "CRAN"
r_constraint = "*"
type = "source"
[[entry.files]]
name = "fastmap_1.1.0.tar.gz"
hash = "sha256:9113e526b4c096302cfeae660a06de2c4c82ae4e2d3d6ef53af6de812d4c822b"
md5 = "0a13d52751d2f910ab907d3b44756108"


[[entry]]
categories = [ "dev",]
dependencies = [ "htmltools", "rlang",]
name = "fontawesome"
version = "0.3.0"
source = "CRAN"
r_constraint = ">=3.3.0"
type = "source"
[[entry.files]]
name = "fontawesome_0.3.0.tar.gz"
hash = "sha256:4deefcf4d4580d84213f863351c2a23c39adbd2f8762d7477ec2faa8235a1a31"
md5 = "bd3e7d1f767aa88ee80821a2d30896e9"


[[entry]]
categories = [ "dev",]
dependencies = [ "methods",]
name = "fs"
version = "1.5.2"
source = "CRAN"
r_constraint = ">=3.1"
type = "source"
[[entry.files]]
name = "fs_1.5.2.tar.gz"
hash = "sha256:35cad1781d6d17c1feb56adc4607079c6844b63794d0ce1e74bb18dbc11e1987"
md5 = "ede4b1754cafa17e91fbafb4a80a4184"


[[entry]]
categories = [ "main",]
dependencies = [ "methods",]
name = "generics"
version = "0.1.3"
source = "CRAN"
r_constraint = ">=3.2"
type = "source"
[[entry.files]]
name = "generics_0.1.3.tar.gz"
hash = "sha256:75046163bfa8b8a4f4214c1b689e796207f6447182f2e5062cf570302387d053"
md5 = "655261e97ea23c9193b047a27eee5d0e"


[[entry]]
categories = [ "dev",]
dependencies = [ "askpass", "credentials", "openssl", "rstudioapi", "sys", "zip",]
name = "gert"
version = "1.9.1"
source = "CRAN"
r_constraint = "*"
type = "source"
[[entry.files]]
name = "gert_1.9.1.tar.gz"
hash = "sha256:751d18760a08ae00b8de73dc3e564cf4e76b1f47c7179101320e1b70152e1fdd"
md5 = "90f40dab166eab65827256c7fed30ace"


[[entry]]
categories = [ "main",]
dependencies = [ "dplyr", "ggplot2", "grid", "gridExtra", "methods", "scales", "stringr", "tibble", "tidyr",]
name = "ggfortify"
version = "0.4.14"
source = "CRAN"
r_constraint = "*"
type = "source"
[[entry.files]]
name = "ggfortify_0.4.14.tar.gz"
hash = "sha256:5c5ad3d94ee43c39635419d1ae622a7906ba3a37d187ae924183f8fb1539150d"
md5 = "2ba46b707bddcb92fb8f677b58dfc765"


[[entry]]
categories = [ "main",]
dependencies = [ "MASS", "digest", "glue", "grDevices", "grid", "gtable", "isoband", "mgcv", "rlang", "scales", "stats", "tibble", "withr",]
name = "ggplot2"
version = "3.3.6"
source = "CRAN"
r_constraint = ">=3.3"
type = "source"
[[entry.files]]
name = "ggplot2_3.3.6.tar.gz"
hash = "sha256:bfcb4eb92a0fcd3fab713aca4bb25e916e05914f2540271a45522ad7e43943a9"
md5 = "292f91cb575f0b456f56a2167add7236"


[[entry]]
categories = [ "dev",]
dependencies = [ "cli", "gitcreds", "httr", "ini", "jsonlite",]
name = "gh"
version = "1.3.1"
source = "CRAN"
r_constraint = ">=3.4"
type = "source"
[[entry.files]]
name = "gh_1.3.1.tar.gz"
hash = "sha256:fbaea2abdeceb03d28839fd0e58c2eea01092f9ef92dcc044718ef0d298612ef"
md5 = "b060d7d19457418f797ec869eec093a2"


[[entry]]
categories = [ "dev",]
dependencies = []
name = "gitcreds"
version = "0.1.2"
source = "CRAN"
r_constraint = ">=3.4"
type = "source"
[[entry.files]]
name = "gitcreds_0.1.2.tar.gz"
hash = "sha256:41c6abcca5635062b123ffb5af2794770eca5ebd97b05c5a64b24fa1c803c75d"
md5 = "b79f9a70433189507d3eb0bdc07fae6e"


[[entry]]
categories = [ "dev", "main",]
dependencies = [ "methods",]
name = "glue"
version = "1.6.2"
source = "CRAN"
r_constraint = ">=3.4"
type = "source"
[[entry.files]]
name = "glue_1.6.2.tar.gz"
hash = "sha256:9da518f12be584c90e75fe8e07f711ee3f6fc0d03d817f72c25dc0f66499fdbf"
md5 = "4a92a6b8f8015a2ac8b0bfeac7f163fc"


[[entry]]
categories = [ "dev", "main",]
dependencies = []
name = "grDevices"
type = "core"

[[entry]]
categories = [ "dev", "main",]
dependencies = []
name = "graphics"
type = "core"

[[entry]]
categories = [ "main",]
dependencies = []
name = "grid"
type = "core"

[[entry]]
categories = [ "main",]
dependencies = [ "grDevices", "graphics", "grid", "gtable", "utils",]
name = "gridExtra"
version = "2.3"
source = "CRAN"
r_constraint = "*"
type = "source"
[[entry.files]]
name = "gridExtra_2.3.tar.gz"
hash = "sha256:81b60ce6f237ec308555471ae0119158b115463df696d2eca9b177ded8988e3b"
md5 = "01e0ea88610756a0fd3b260e83c9bd43"


[[entry]]
categories = [ "main",]
dependencies = [ "grid",]
name = "gtable"
version = "0.3.1"
source = "CRAN"
r_constraint = ">=3.0"
type = "source"
[[entry.files]]
name = "gtable_0.3.1.tar.gz"
hash = "sha256:8bd62c5722d5188914d667cabab12991c555f657f4f5ce7b547571ae3aec7cb5"
md5 = "eb8514fe9ed922814a1d250844dabac5"


[[entry]]
categories = [ "main",]
dependencies = [ "base", "stats",]
name = "hce"
version = "0.0.2"
source = "CRAN"
r_constraint = ">=2.10"
type = "source"
[[entry.files]]
name = "hce_0.0.2.tar.gz"
hash = "sha256:33a2d9d8a4f9201002429a9c2766dd22614c4d3ab30a47bf63efa43e92eb11c1"
md5 = "9d24073c3978ffa7b6ceca406407429c"


[[entry]]
categories = [ "dev",]
dependencies = [ "rprojroot",]
name = "here"
version = "1.0.1"
source = "CRAN"
r_constraint = "*"
type = "source"
[[entry.files]]
name = "here_1.0.1.tar.gz"
hash = "sha256:08ed908033420d3d665c87248b3a14d1b6e2b37844bf736be620578c20ca346b"
md5 = "67367162e286ae95c06abb6e7d70dd75"


[[entry]]
categories = [ "dev",]
dependencies = [ "xfun",]
name = "highr"
version = "0.9"
source = "CRAN"
r_constraint = ">=3.2.3"
type = "source"
[[entry.files]]
name = "highr_0.9.tar.gz"
hash = "sha256:beff11390d936c90fdcc00e7ed0eb72220f3de403a51b56659e3d3e0b6d8ed4d"
md5 = "74b31b4b2b8ac835d261c4faf6f600b7"


[[entry]]
categories = [ "dev",]
dependencies = [ "base64enc", "digest", "fastmap", "grDevices", "rlang", "utils",]
name = "htmltools"
version = "0.5.3"
source = "CRAN"
r_constraint = ">=2.14.1"
type = "source"
[[entry.files]]
name = "htmltools_0.5.3.tar.gz"
hash = "sha256:2c451b369ea8918358e2b280f548816664fe0143222c609e6bfb1f9cd2f7324f"
md5 = "bd17e78a113d081a42e30de276f3fac4"


[[entry]]
categories = [ "dev",]
dependencies = [ "grDevices", "htmltools", "jsonlite", "yaml",]
name = "htmlwidgets"
version = "1.5.4"
source = "CRAN"
r_constraint = "*"
type = "source"
[[entry.files]]
name = "htmlwidgets_1.5.4.tar.gz"
hash = "sha256:1a3fc60f40717de7f1716b754fd1c31a132e489a2560a278636ee78eba46ffc1"
md5 = "848e70649e90133fb3aa1c1f41d05e0f"


[[entry]]
categories = [ "dev",]
dependencies = [ "R6", "Rcpp", "later", "promises", "utils",]
name = "httpuv"
version = "1.6.6"
source = "CRAN"
r_constraint = ">=2.15.1"
type = "source"
[[entry.files]]
name = "httpuv_1.6.6.tar.gz"
hash = "sha256:41395fd324c5cb884d4f2a8060744758904119db22eeb312f2ea1e7ad7711293"
md5 = "86ff16fe5624168ea90e4245df1637fa"


[[entry]]
categories = [ "dev",]
dependencies = [ "R6", "curl", "jsonlite", "mime", "openssl",]
name = "httr"
version = "1.4.4"
source = "CRAN"
r_constraint = ">=3.2"
type = "source"
[[entry.files]]
name = "httr_1.4.4.tar.gz"
hash = "sha256:41d82523f3ee260d409a7b5ae4136190cbc5aecbc270b40ed7064f83e7f5435d"
md5 = "b8f5827c0b236e6d8872629f66149c68"


[[entry]]
categories = [ "dev",]
dependencies = []
name = "ini"
version = "0.3.1"
source = "CRAN"
r_constraint = "*"
type = "source"
[[entry.files]]
name = "ini_0.3.1.tar.gz"
hash = "sha256:7b191a54019c8c52d6c2211c14878c95564154ec4865f57007953742868cd813"
md5 = "b0e2d7388fc69327d3c4bbaab9067f3d"


[[entry]]
categories = [ "main",]
dependencies = [ "grid", "utils",]
name = "isoband"
version = "0.2.6"
source = "CRAN"
r_constraint = "*"
type = "source"
[[entry.files]]
name = "isoband_0.2.6.tar.gz"
hash = "sha256:27e460945753f6710649563dc817e2f314392ef6d1f8b6af2b1bf9447fab43a3"
md5 = "e56cf4c4e6bd2c7859afa0fab7cc0972"


[[entry]]
categories = [ "dev",]
dependencies = [ "htmltools",]
name = "jquerylib"
version = "0.1.4"
source = "CRAN"
r_constraint = "*"
type = "source"
[[entry.files]]
name = "jquerylib_0.1.4.tar.gz"
hash = "sha256:f0bcc11dcde3a6ff180277e45c24642d3da3c8690900e38f44495efbc9064411"
md5 = "3607a34ac45ff420bc325d84eab4b0cb"


[[entry]]
categories = [ "dev",]
dependencies = [ "methods",]
name = "jsonlite"
version = "1.8.2"
source = "CRAN"
r_constraint = "*"
type = "source"
[[entry.files]]
name = "jsonlite_1.8.2.tar.gz"
hash = "sha256:677b645c081a7e004b71f0c48a1d46c1be9715163ccb6b419fbb0342a6c9cc3a"
md5 = "413ec7d225645926a2a482c2938cc8f4"


[[entry]]
categories = [ "dev",]
dependencies = [ "evaluate", "highr", "methods", "stringr", "tools", "xfun", "yaml",]
name = "knitr"
version = "1.40"
source = "CRAN"
r_constraint = ">=3.3.0"
type = "source"
[[entry.files]]
name = "knitr_1.40.tar.gz"
hash = "sha256:9b8f95ff367a0e52f024bda30315ec7cdd6a5b82371a1aaed95ab4eea78535bc"
md5 = "245b4f9568d1dd22cd5b2a7bc98ed908"


[[entry]]
categories = [ "main",]
dependencies = [ "graphics", "stats",]
name = "labeling"
version = "0.4.2"
source = "CRAN"
r_constraint = "*"
type = "source"
[[entry.files]]
name = "labeling_0.4.2.tar.gz"
hash = "sha256:e022d79276173e0d62bf9e37d7574db65ab439eb2ae1833e460b1cff529bd165"
md5 = "22504b44a870cd438ed4e515f6601100"


[[entry]]
categories = [ "dev",]
dependencies = [ "Rcpp", "rlang",]
name = "later"
version = "1.3.0"
source = "CRAN"
r_constraint = "*"
type = "source"
[[entry.files]]
name = "later_1.3.0.tar.gz"
hash = "sha256:08f50882ca3cfd2bb68c83f1fcfbc8f696f5cfb5a42c1448c051540693789829"
md5 = "87b6dae5e7c3f822dd86a20b3a52059f"


[[entry]]
categories = [ "main",]
dependencies = [ "grDevices", "graphics", "grid", "stats", "utils",]
name = "lattice"
version = "0.20-45"
source = "CRAN"
r_constraint = ">=3.0.0"
type = "source"
[[entry.files]]
name = "lattice_0.20-45.tar.gz"
hash = "sha256:22388d92bdb7d3959da84d7308d9026dd8226ef07580783729e8ad2f7d7507ad"
md5 = "df6d9b8d8a919fcf96334c9c67a883c3"


[[entry]]
categories = [ "dev",]
dependencies = []
name = "lazyeval"
version = "0.2.2"
source = "CRAN"
r_constraint = ">=3.1.0"
type = "source"
[[entry.files]]
name = "lazyeval_0.2.2.tar.gz"
hash = "sha256:d6904112a21056222cfcd5eb8175a78aa063afe648a562d9c42c6b960a8820d4"
md5 = "1de725fe0cd496a2535020867458641a"


[[entry]]
categories = [ "dev", "main",]
dependencies = [ "cli", "glue", "rlang",]
name = "lifecycle"
version = "1.0.3"
source = "CRAN"
r_constraint = ">=3.4"
type = "source"
[[entry.files]]
name = "lifecycle_1.0.3.tar.gz"
hash = "sha256:6459fdc3211585c0cdf120427579c12149b02161efe273a64b825c05e9aa69c2"
md5 = "023bff9f9b99ca56ed01b705a41a8bed"


[[entry]]
categories = [ "dev",]
dependencies = [ "backports", "codetools", "crayon", "cyclocomp", "digest", "glue", "jsonlite", "knitr", "rex", "stats", "utils", "xml2", "xmlparsedata",]
name = "lintr"
version = "3.0.1"
source = "CRAN"
r_constraint = ">=3.2"
type = "source"
[[entry.files]]
name = "lintr_3.0.1.tar.gz"
hash = "sha256:cfb816bc3a8f47cedd0460396f93d5b19165b4abb3be31194a346a8204e7f9a2"
md5 = "fdbd2612347e5cbf57e883d6c9be7a3a"


[[entry]]
categories = [ "dev", "main",]
dependencies = []
name = "magrittr"
version = "2.0.3"
source = "CRAN"
r_constraint = ">=3.4.0"
type = "source"
[[entry.files]]
name = "magrittr_2.0.3.tar.gz"
hash = "sha256:a2bff83f792a1acb801bfe6330bb62724c74d5308832f2cb6a6178336ace55d2"
md5 = "86a110ed23536ebe26c51ff90f2a1435"


[[entry]]
categories = [ "dev",]
dependencies = [ "cachem", "rlang",]
name = "memoise"
version = "2.0.1"
source = "CRAN"
r_constraint = "*"
type = "source"
[[entry.files]]
name = "memoise_2.0.1.tar.gz"
hash = "sha256:f85034ee98c8ca07fb3cd826142c1cd1e1e5747075a94c75a45783bbc4fe2deb"
md5 = "89da4ce771967d851db47132b762ce6f"


[[entry]]
categories = [ "dev", "main",]
dependencies = []
name = "methods"
type = "core"

[[entry]]
categories = [ "main",]
dependencies = [ "Matrix", "graphics", "methods", "nlme", "splines", "stats", "utils",]
name = "mgcv"
version = "1.8-40"
source = "CRAN"
r_constraint = ">=3.6.0"
type = "source"
[[entry.files]]
name = "mgcv_1.8-40.tar.gz"
hash = "sha256:dbe627266c3b339232e2d4228d5370ba88c86540319e6891d161242efba7e4a5"
md5 = "9cb478b15a6fe0a43036867bd3141a0d"


[[entry]]
categories = [ "dev",]
dependencies = [ "tools",]
name = "mime"
version = "0.12"
source = "CRAN"
r_constraint = "*"
type = "source"
[[entry.files]]
name = "mime_0.12.tar.gz"
hash = "sha256:a9001051d6c1e556e881910b1816b42872a1ee41ab76d0040ce66a27135e3849"
md5 = "7314f3b57f70474d9b4d2b831d6bb59d"


[[entry]]
categories = [ "dev",]
dependencies = [ "htmltools", "shiny", "utils",]
name = "miniUI"
version = "0.1.1.1"
source = "CRAN"
r_constraint = "*"
type = "source"
[[entry.files]]
name = "miniUI_0.1.1.1.tar.gz"
hash = "sha256:452b41133289f630d8026507263744e385908ca025e9a7976925c1539816b0c0"
md5 = "4f174186bb12a76cc6b1249a1a13a4b0"


[[entry]]
categories = [ "main",]
dependencies = [ "colorspace", "methods",]
name = "munsell"
version = "0.5.0"
source = "CRAN"
r_constraint = "*"
type = "source"
[[entry.files]]
name = "munsell_0.5.0.tar.gz"
hash = "sha256:d0f3a9fb30e2b5d411fa61db56d4be5733a2621c0edf017d090bdfa5e377e199"
md5 = "b287f380a958399cfa12f665232e7f34"


[[entry]]
categories = [ "main",]
dependencies = [ "graphics", "lattice", "stats", "utils",]
name = "nlme"
version = "3.1-160"
source = "CRAN"
r_constraint = ">=3.5.0"
type = "source"
[[entry.files]]
name = "nlme_3.1-160.tar.gz"
hash = "sha256:d4454623194876b083774c662fd223bc3b9e8325824cb758b8adecd5dc0d8a08"
md5 = "789c162cc69f2aaea04502969537d63d"


[[entry]]
categories = [ "dev",]
dependencies = [ "askpass",]
name = "openssl"
version = "2.0.3"
source = "CRAN"
r_constraint = "*"
type = "source"
[[entry.files]]
name = "openssl_2.0.3.tar.gz"
hash = "sha256:7cde98520bec857f043fb6aae92334e2ae0dcd86108adc9b18ca298ec16286aa"
md5 = "4c62e0912be65cc8a03d592e4fea7aa3"


[[entry]]
categories = [ "dev", "main",]
dependencies = [ "cli", "fansi", "glue", "lifecycle", "rlang", "utf8", "utils", "vctrs",]
name = "pillar"
version = "1.8.1"
source = "CRAN"
r_constraint = "*"
type = "source"
[[entry.files]]
name = "pillar_1.8.1.tar.gz"
hash = "sha256:2f06a7cc9e5638390c9b98a6ec9a9ec1beec0f2b9dbdfa42e39a5ab2456d87ec"
md5 = "f6fe56e1875fd314344148c59807531f"


[[entry]]
categories = [ "dev",]
dependencies = [ "R6", "callr", "cli", "crayon", "desc", "prettyunits", "rprojroot", "withr",]
name = "pkgbuild"
version = "1.3.1"
source = "CRAN"
r_constraint = ">=3.1"
type = "source"
[[entry.files]]
name = "pkgbuild_1.3.1.tar.gz"
hash = "sha256:7c6a82d1e6b19e136a7d16095743c50cd7b6340eeda594e4a8e14d74972ddb48"
md5 = "16b79497d39185e7aa0dc088153b2b6d"


[[entry]]
categories = [ "dev", "main",]
dependencies = [ "utils",]
name = "pkgconfig"
version = "2.0.3"
source = "CRAN"
r_constraint = "*"
type = "source"
[[entry.files]]
name = "pkgconfig_2.0.3.tar.gz"
hash = "sha256:330fef440ffeb842a7dcfffc8303743f1feae83e8d6131078b5a44ff11bc3850"
md5 = "7b9ca1d45d941238381cb55d13ff4d68"


[[entry]]
categories = [ "dev",]
dependencies = [ "bslib", "callr", "cli", "desc", "digest", "downlit", "fs", "httr", "jsonlite", "magrittr", "memoise", "purrr", "ragg", "rlang", "rmarkdown", "tibble", "whisker", "withr", "xml2", "yaml",]
name = "pkgdown"
version = "2.0.6"
source = "CRAN"
r_constraint = ">=3.1.0"
type = "source"
[[entry.files]]
name = "pkgdown_2.0.6.tar.gz"
hash = "sha256:d29a65c8a5b189fd89842e769f58f8c2369a55406269eabfb66d41d0fe1c7f69"
md5 = "758d3295e3b340c4ac69d6ddc3d29962"


[[entry]]
categories = [ "dev",]
dependencies = [ "cli", "crayon", "desc", "fs", "glue", "methods", "rlang", "rprojroot", "utils", "withr",]
name = "pkgload"
version = "1.3.0"
source = "CRAN"
r_constraint = ">=3.4.0"
type = "source"
[[entry.files]]
name = "pkgload_1.3.0.tar.gz"
hash = "sha256:5af653c901662260cc221971cc968355428cc6183b61c15be80aa9545f9f4228"
md5 = "b896b4d3202c490ce3e6e79ed592341b"


[[entry]]
categories = [ "dev",]
dependencies = []
name = "praise"
version = "1.0.0"
source = "CRAN"
r_constraint = "*"
type = "source"
[[entry.files]]
name = "praise_1.0.0.tar.gz"
hash = "sha256:5c035e74fd05dfa59b03afe0d5f4c53fbf34144e175e90c53d09c6baedf5debd"
md5 = "9318724cec0454884b5f762bee2da6a1"


[[entry]]
categories = [ "dev",]
dependencies = []
name = "prettyunits"
version = "1.1.1"
source = "CRAN"
r_constraint = "*"
type = "source"
[[entry.files]]
name = "prettyunits_1.1.1.tar.gz"
hash = "sha256:9a199aa80c6d5e50fa977bc724d6e39dae1fc597a96413053609156ee7fb75c5"
md5 = "0585a928696b8b7c259d2aaf8125762f"


[[entry]]
categories = [ "dev",]
dependencies = [ "R6", "ps", "utils",]
name = "processx"
version = "3.7.0"
source = "CRAN"
r_constraint = ">=3.4.0"
type = "source"
[[entry.files]]
name = "processx_3.7.0.tar.gz"
hash = "sha256:de6a8d4135fc53ec35043fbaf6b000dc9597719345595d8479662a39dad55ed3"
md5 = "830b0e37bebb8a9709504217418e5bdf"


[[entry]]
categories = [ "dev",]
dependencies = [ "htmlwidgets", "stringr",]
name = "profvis"
version = "0.3.7"
source = "CRAN"
r_constraint = ">=3.0"
type = "source"
[[entry.files]]
name = "profvis_0.3.7.tar.gz"
hash = "sha256:43974863cb793f81dbea4b94096343c321f7739c9038980405c9b16b04a906b9"
md5 = "4de691809b1d59d63b0b47b9a762cb28"


[[entry]]
categories = [ "dev",]
dependencies = [ "R6", "Rcpp", "later", "magrittr", "rlang", "stats",]
name = "promises"
version = "1.2.0.1"
source = "CRAN"
r_constraint = "*"
type = "source"
[[entry.files]]
name = "promises_1.2.0.1.tar.gz"
hash = "sha256:8d3a8217909e91f4c2a2eebba5ac8fc902a9ac1a9e9d8a30815c9dc0f162c4b7"
md5 = "adba783866d5496080f8a4e77576817b"


[[entry]]
categories = [ "dev",]
dependencies = [ "utils",]
name = "ps"
version = "1.7.1"
source = "CRAN"
r_constraint = ">=3.4"
type = "source"
[[entry.files]]
name = "ps_1.7.1.tar.gz"
hash = "sha256:9c458a377d47cc972d3cd0b2a17d0b7ad3cf3b62226410803072089a57a55ef1"
md5 = "eb922022e8e8977c740381ce11875a9b"


[[entry]]
categories = [ "dev", "main",]
dependencies = [ "magrittr", "rlang",]
name = "purrr"
version = "0.3.5"
source = "CRAN"
r_constraint = ">=3.2"
type = "source"
[[entry.files]]
name = "purrr_0.3.5.tar.gz"
hash = "sha256:a2386cd7e78a043cb9c14703023fff15ab1c879bf648816879d2c0c4a554fcef"
md5 = "96e6d7b4d4d2fd38e1fbad18b1257dc0"


[[entry]]
categories = [ "dev",]
dependencies = [ "systemfonts", "textshaping",]
name = "ragg"
version = "1.2.3"
source = "CRAN"
r_constraint = "*"
type = "source"
[[entry.files]]
name = "ragg_1.2.3.tar.gz"
hash = "sha256:976da0007ef0d4dbadda4734727b539671b65c1eff4ff392d734f4e2c846f2b2"
md5 = "7e133fa76252fd6ddb243abbcab0b297"


[[entry]]
categories = [ "dev",]
dependencies = []
name = "rappdirs"
version = "0.3.3"
source = "CRAN"
r_constraint = ">=3.2"
type = "source"
[[entry.files]]
name = "rappdirs_0.3.3.tar.gz"
hash = "sha256:49959f65b45b0b189a2792d6c1339bef59674ecae92f8c2ed9f26ff9e488c184"
md5 = "cafdd5478c4a6094a9f3d7335fb4f889"


[[entry]]
categories = [ "dev",]
dependencies = [ "R6", "callr", "cli", "curl", "desc", "digest", "pkgbuild", "prettyunits", "rprojroot", "sessioninfo", "utils", "withr", "xopen",]
name = "rcmdcheck"
version = "1.4.0"
source = "CRAN"
r_constraint = "*"
type = "source"
[[entry.files]]
name = "rcmdcheck_1.4.0.tar.gz"
hash = "sha256:bbd4ef7d514b8c2076196a7c4a6041d34623d55fbe73f2771758ce61fd32c9d0"
md5 = "a3d880f759b8d53de41155fc922c6b5c"


[[entry]]
categories = [ "dev",]
dependencies = [ "tibble",]
name = "rematch2"
version = "2.1.2"
source = "CRAN"
r_constraint = "*"
type = "source"
[[entry.files]]
name = "rematch2_2.1.2.tar.gz"
hash = "sha256:fe9cbfe99dd7731a0a2a310900d999f80e7486775b67f3f8f388c30737faf7bb"
md5 = "41627df5d3fbf98f0cf98c027e14af00"


[[entry]]
categories = [ "dev",]
dependencies = [ "methods", "stats", "tools", "utils",]
name = "remotes"
version = "2.4.2"
source = "CRAN"
r_constraint = ">=3.0.0"
type = "source"
[[entry.files]]
name = "remotes_2.4.2.tar.gz"
hash = "sha256:f2ef875f24a485bf4f55a8c830f87cdd5db868f9a8cdb624dc452d0bf66ba516"
md5 = "398c33ec98f43c3cf285f5c71a285d1f"


[[entry]]
categories = [ "dev",]
dependencies = [ "lazyeval",]
name = "rex"
version = "1.2.1"
source = "CRAN"
r_constraint = "*"
type = "source"
[[entry.files]]
name = "rex_1.2.1.tar.gz"
hash = "sha256:af42e649c06e4bbdba94d5a1870a7e8347903571c90cd5e5ca40f52307a3bfd6"
md5 = "a00d400d525345bb8551b4b18075eb3a"


[[entry]]
categories = [ "dev", "main",]
dependencies = [ "utils",]
name = "rlang"
version = "1.0.6"
source = "CRAN"
r_constraint = ">=3.4.0"
type = "source"
[[entry.files]]
name = "rlang_1.0.6.tar.gz"
hash = "sha256:e6973d98a0ea301c0da1eeaa435e9e65d1c3f0b95ed68bdc2d6cb0c610166760"
md5 = "907bc04039194b0c7edc19e9084b14fc"


[[entry]]
categories = [ "dev",]
dependencies = [ "bslib", "evaluate", "htmltools", "jquerylib", "jsonlite", "knitr", "methods", "stringr", "tinytex", "tools", "utils", "xfun", "yaml",]
name = "rmarkdown"
version = "2.17"
source = "CRAN"
r_constraint = ">=3.0"
type = "source"
[[entry.files]]
name = "rmarkdown_2.17.tar.gz"
hash = "sha256:aa576c458ec4c2e8468aaa4e3f60202d8d9c7ef54fa01d6b2d243bffee08c4be"
md5 = "237b347af755c8ce471d29e4e275f359"


[[entry]]
categories = [ "dev",]
dependencies = [ "R6", "brew", "cli", "commonmark", "cpp11", "desc", "digest", "knitr", "methods", "pkgload", "purrr", "rlang", "stringi", "stringr", "utils", "withr", "xml2",]
name = "roxygen2"
version = "7.2.1"
source = "CRAN"
r_constraint = ">=3.3"
type = "source"
[[entry.files]]
name = "roxygen2_7.2.1.tar.gz"
hash = "sha256:d2f0342591dc2b561fad8f6cf6fb3001e5e0bdd02be68bb2c6315f6bb82cda21"
md5 = "bd1ef8d6852a3ad2604cf389e0a60d9c"


[[entry]]
categories = [ "dev",]
dependencies = []
name = "rprojroot"
version = "2.0.3"
source = "CRAN"
r_constraint = ">=3.0.0"
type = "source"
[[entry.files]]
name = "rprojroot_2.0.3.tar.gz"
hash = "sha256:50604247470e910cecfe9b76df754bf96a0d701f81b732f7aa9c90a20d30f897"
md5 = "125f24470bdd8d62fe94298f00bf8010"


[[entry]]
categories = [ "dev",]
dependencies = []
name = "rstudioapi"
version = "0.14"
source = "CRAN"
r_constraint = "*"
type = "source"
[[entry.files]]
name = "rstudioapi_0.14.tar.gz"
hash = "sha256:469d0987b1ad728a96c363a422fba712a5cebc8b11a5f7e953b4a671044dafc4"
md5 = "a4fbbac748b2a07a895556316a8a525a"


[[entry]]
categories = [ "dev",]
dependencies = [ "curl", "utils", "xml2",]
name = "rversions"
version = "2.1.2"
source = "CRAN"
r_constraint = "*"
type = "source"
[[entry.files]]
name = "rversions_2.1.2.tar.gz"
hash = "sha256:de5818233e8271132fe8ea70145618950b35786e0d2f270e39bf3338f3b8b160"
md5 = "94a7f22e8be08c8693537a6b9ba10f50"


[[entry]]
categories = [ "dev",]
dependencies = [ "R6", "fs", "htmltools", "rappdirs", "rlang",]
name = "sass"
version = "0.4.2"
source = "CRAN"
r_constraint = "*"
type = "source"
[[entry.files]]
name = "sass_0.4.2.tar.gz"
hash = "sha256:b409049d0de9fae853f46c19d353226c8e9244ce847bdada033d8669fc2c9646"
md5 = "4ad5eb3594b4df84bd36b29fc33adee2"


[[entry]]
categories = [ "main",]
dependencies = [ "R6", "RColorBrewer", "farver", "labeling", "lifecycle", "munsell", "rlang", "viridisLite",]
name = "scales"
version = "1.2.1"
source = "CRAN"
r_constraint = ">=3.2"
type = "source"
[[entry.files]]
name = "scales_1.2.1.tar.gz"
hash = "sha256:59453e6dbdafee93dfb101e4d86048a62a12898134259d3ef02d65aeec57ed08"
md5 = "4c8e880115111cd19c59890ddd3ccc2b"


[[entry]]
categories = [ "dev",]
dependencies = [ "cli", "tools", "utils",]
name = "sessioninfo"
version = "1.2.2"
source = "CRAN"
r_constraint = ">=2.10"
type = "source"
[[entry.files]]
name = "sessioninfo_1.2.2.tar.gz"
hash = "sha256:f56283857c53ac8691e3747ed48fe03e893d8ff348235bff7364658bcfb0c7cb"
md5 = "b373f83a971b68402825e699fce7cb4d"


[[entry]]
categories = [ "dev",]
dependencies = [ "R6", "bslib", "cachem", "commonmark", "crayon", "ellipsis", "fastmap", "fontawesome", "glue", "grDevices", "htmltools", "httpuv", "jsonlite", "later", "lifecycle", "methods", "mime", "promises", "rlang", "sourcetools", "tools", "utils", "withr", "xtable",]
name = "shiny"
version = "1.7.2"
source = "CRAN"
r_constraint = ">=3.0.2"
type = "source"
[[entry.files]]
name = "shiny_1.7.2.tar.gz"
hash = "sha256:23b5bfee8d597b4147e07c89391a735361cd9f69abeecfd9bd38a14d35fe6252"
md5 = "2d27730142eabf804175aafb0f238ee8"


[[entry]]
categories = [ "dev",]
dependencies = []
name = "sourcetools"
version = "0.1.7"
source = "CRAN"
r_constraint = ">=3.0.2"
type = "source"
[[entry.files]]
name = "sourcetools_0.1.7.tar.gz"
hash = "sha256:47984406efb3b3face133979ccbae9fefb7360b9a6ca1a1c11473681418ed2ca"
md5 = "04284c2d78a9626fe5f219942836c530"


[[entry]]
categories = [ "main",]
dependencies = []
name = "splines"
type = "core"

[[entry]]
categories = [ "dev", "main",]
dependencies = []
name = "stats"
type = "core"

[[entry]]
categories = [ "dev", "main",]
dependencies = [ "stats", "tools", "utils",]
name = "stringi"
version = "1.7.8"
source = "CRAN"
r_constraint = ">=3.1"
type = "source"
[[entry.files]]
name = "stringi_1.7.8.tar.gz"
hash = "sha256:538918b1cd6ed1d8a2dd5ab146ba800a088e99f93c52dcd82615b6e127478b1c"
md5 = "821da53021629a0490618459a33f4ac2"


[[entry]]
categories = [ "dev", "main",]
dependencies = [ "glue", "magrittr", "stringi",]
name = "stringr"
version = "1.4.1"
source = "CRAN"
r_constraint = ">=3.1"
type = "source"
[[entry.files]]
name = "stringr_1.4.1.tar.gz"
hash = "sha256:ec0d8e90caa3e107f18c188ed313dea8bfd12a738011b0be09ef5362360ddcb1"
md5 = "6de497c8eb6b21c018778b13e5e04106"


[[entry]]
categories = [ "main",]
dependencies = [ "Matrix", "graphics", "methods", "splines", "stats", "utils",]
name = "survival"
version = "3.4-0"
source = "CRAN"
r_constraint = ">=3.5.0"
type = "source"
[[entry.files]]
name = "survival_3.4-0.tar.gz"
hash = "sha256:a48e23d47265fe4d90fb5f0f9fc388906014f8063211980856985db9e89cf812"
md5 = "2ab539ceef34331778c151f6be54c223"


[[entry]]
categories = [ "dev",]
dependencies = []
name = "sys"
version = "3.4"
source = "CRAN"
r_constraint = "*"
type = "source"
[[entry.files]]
name = "sys_3.4.tar.gz"
hash = "sha256:17f88fbaf222f1f8fd07919461093dac0e7175ae3c3b3264b88470617afd0487"
md5 = "8648c35f0ff460481f88fc5e2c81ab8f"


[[entry]]
categories = [ "dev",]
dependencies = [ "cpp11",]
name = "systemfonts"
version = "1.0.4"
source = "CRAN"
r_constraint = ">=3.2.0"
type = "source"
[[entry.files]]
name = "systemfonts_1.0.4.tar.gz"
hash = "sha256:ef766c75b942f147d382664a00d6a4930f1bfe0cce9d88943f571682a85a84c0"
md5 = "b099fee0892289e48b34cd412dacc535"


[[entry]]
categories = [ "dev",]
dependencies = [ "R6", "brio", "callr", "cli", "desc", "digest", "ellipsis", "evaluate", "jsonlite", "lifecycle", "magrittr", "methods", "pkgload", "praise", "processx", "ps", "rlang", "utils", "waldo", "withr",]
name = "testthat"
version = "3.1.5"
source = "CRAN"
r_constraint = ">=3.1"
type = "source"
[[entry.files]]
name = "testthat_3.1.5.tar.gz"
hash = "sha256:a8f56b9426206ddfc30b550c82ff2f042ebe1c2f5bfd4184aec8facac8f5b7fc"
md5 = "3fe4b89018b51cc911c25e9a0a7456e9"


[[entry]]
categories = [ "dev",]
dependencies = [ "cpp11", "systemfonts",]
name = "textshaping"
version = "0.3.6"
source = "CRAN"
r_constraint = ">=3.2.0"
type = "source"
[[entry.files]]
name = "textshaping_0.3.6.tar.gz"
hash = "sha256:80e2c087962f55ce2811fbc798b09f5638c06c6b28c10cd3cb3827005b902ada"
md5 = "aa719e7479b76e990775e65bf0173e22"


[[entry]]
categories = [ "dev", "main",]
dependencies = [ "fansi", "lifecycle", "magrittr", "methods", "pillar", "pkgconfig", "rlang", "utils", "vctrs",]
name = "tibble"
version = "3.1.8"
source = "CRAN"
r_constraint = ">=3.1.0"
type = "source"
[[entry.files]]
name = "tibble_3.1.8.tar.gz"
hash = "sha256:acf30e075d18d2f61de53ca20a13c502bb32abb8083089b0bb9172a0cb5cedea"
md5 = "8ce0aca91502ee8772105c8f3575ad06"


[[entry]]
categories = [ "main",]
dependencies = [ "cpp11", "dplyr", "ellipsis", "glue", "lifecycle", "magrittr", "purrr", "rlang", "tibble", "tidyselect", "utils", "vctrs",]
name = "tidyr"
version = "1.2.1"
source = "CRAN"
r_constraint = ">=3.1"
type = "source"
[[entry.files]]
name = "tidyr_1.2.1.tar.gz"
hash = "sha256:6971766d3663dc75c2328ab257816f4e42d9fdc05c2d87d171b8b9b5ecce61af"
md5 = "b7043faf842388496c796cddf267dc60"


[[entry]]
categories = [ "main",]
dependencies = [ "cli", "glue", "lifecycle", "rlang", "vctrs", "withr",]
name = "tidyselect"
version = "1.2.0"
source = "CRAN"
r_constraint = ">=3.4"
type = "source"
[[entry.files]]
name = "tidyselect_1.2.0.tar.gz"
hash = "sha256:538d26b727e37d618e2efd3b00836048f103112a03e6994bf07a02392e269e3b"
md5 = "147069ee8d8bc42f63f253311f6c1806"


[[entry]]
categories = [ "dev",]
dependencies = [ "xfun",]
name = "tinytex"
version = "0.42"
source = "CRAN"
r_constraint = "*"
type = "source"
[[entry.files]]
name = "tinytex_0.42.tar.gz"
hash = "sha256:205f7a1978118aa38b6d9f7d3e1667c635da262b43967d1a879520284c2e22b1"
md5 = "364a0fbef980aaaddc5e6924198059fa"


[[entry]]
categories = [ "dev", "main",]
dependencies = []
name = "tools"
type = "core"

[[entry]]
categories = [ "dev",]
dependencies = [ "cli", "curl", "tools", "xml2",]
name = "urlchecker"
version = "1.0.1"
source = "CRAN"
r_constraint = ">=3.3"
type = "source"
[[entry.files]]
name = "urlchecker_1.0.1.tar.gz"
hash = "sha256:62165ddbe1b748b58c71a50c8f07fdde6f3d19a7b39787b9fa2b4f9216250318"
md5 = "7d59ef7e05f22dd95bb1693fc74bbea0"


[[entry]]
categories = [ "dev",]
dependencies = [ "cli", "clipr", "crayon", "curl", "desc", "fs", "gert", "gh", "glue", "jsonlite", "lifecycle", "purrr", "rappdirs", "rlang", "rprojroot", "rstudioapi", "stats", "utils", "whisker", "withr", "yaml",]
name = "usethis"
version = "2.1.6"
source = "CRAN"
r_constraint = ">=3.4"
type = "source"
[[entry.files]]
name = "usethis_2.1.6.tar.gz"
hash = "sha256:31dc6707577065ac1d4acb7d4cbf135942727c5cc2699092198c544be86f6818"
md5 = "21b827324e3504966805b2ad197574b4"


[[entry]]
categories = [ "dev", "main",]
dependencies = []
name = "utf8"
version = "1.2.2"
source = "CRAN"
r_constraint = ">=2.10"
type = "source"
[[entry.files]]
name = "utf8_1.2.2.tar.gz"
hash = "sha256:a71aee87d43a9bcf29249c7a5a2e9ca1d2a836e8d5ee3a264d3062f25378d8f4"
md5 = "e7aa5fa292e3ca271e6573677f6a9c6f"


[[entry]]
categories = [ "dev", "main",]
dependencies = []
name = "utils"
type = "core"

[[entry]]
categories = [ "dev", "main",]
dependencies = [ "cli", "glue", "rlang",]
name = "vctrs"
version = "0.4.2"
source = "CRAN"
r_constraint = ">=3.3"
type = "source"
[[entry.files]]
name = "vctrs_0.4.2.tar.gz"
hash = "sha256:5414d1d6977163b4e85efa40d6facdd98089d6ffd460daaba729d4200942d815"
md5 = "a533f3d40056d305d44cfcee4db46b88"


[[entry]]
categories = [ "main",]
dependencies = []
name = "viridisLite"
version = "0.4.1"
source = "CRAN"
r_constraint = ">=2.10"
type = "source"
[[entry.files]]
name = "viridisLite_0.4.1.tar.gz"
hash = "sha256:a896db1ccae5fc1a8b3764d02f24cef74ef7a8341cf9f3401c4efe799870ea97"
md5 = "ba3d99e2719472c461a0c47046a8b6da"


[[entry]]
categories = [ "dev",]
dependencies = [ "cli", "diffobj", "fansi", "glue", "methods", "rematch2", "rlang", "tibble",]
name = "waldo"
version = "0.4.0"
source = "CRAN"
r_constraint = "*"
type = "source"
[[entry.files]]
name = "waldo_0.4.0.tar.gz"
hash = "sha256:57ee89eec9bcbba58cf8fa29c8e097f038768c30833eaf812682826333127eaa"
md5 = "86c5349c22a8ee831ebd186e999aba85"


[[entry]]
categories = [ "dev",]
dependencies = []
name = "whisker"
version = "0.4"
source = "CRAN"
r_constraint = "*"
type = "source"
[[entry.files]]
name = "whisker_0.4.tar.gz"
hash = "sha256:7a86595be4f1029ec5d7152472d11b16175737e2777134e296ae97341bf8fba8"
md5 = "ad148fdbb613eea8d5ec5981d5881d90"


[[entry]]
categories = [ "dev", "main",]
dependencies = [ "grDevices", "graphics", "stats",]
name = "withr"
version = "2.5.0"
source = "CRAN"
r_constraint = ">=3.2.0"
type = "source"
[[entry.files]]
name = "withr_2.5.0.tar.gz"
hash = "sha256:37317b3ed790a08407072993a05ab255f6305f95a12a16e0e28aa6aa80fc8bc0"
md5 = "26006b3833199a6b6db70fda04126b87"


[[entry]]
categories = [ "dev",]
dependencies = [ "stats", "tools",]
name = "xfun"
version = "0.33"
source = "CRAN"
r_constraint = "*"
type = "source"
[[entry.files]]
name = "xfun_0.33.tar.gz"
hash = "sha256:45fbc2d252867b69bbde64d4a4e3d2e049ad1d3a84984e9cfb242d8d1f41ee6c"
md5 = "efcd34dccc01c3bb886dc8329dbc1c26"


[[entry]]
categories = [ "dev",]
dependencies = [ "methods",]
name = "xml2"
version = "1.3.3"
source = "CRAN"
r_constraint = ">=3.1.0"
type = "source"
[[entry.files]]
name = "xml2_1.3.3.tar.gz"
hash = "sha256:cb4e9c0d31618ed67d2bfa4c7b5e52680e11612ed356a8164b541d44163c1c8d"
md5 = "5052f23010ab90b27d16e62055791340"


[[entry]]
categories = [ "dev",]
dependencies = []
name = "xmlparsedata"
version = "1.0.5"
source = "CRAN"
r_constraint = ">=3.0.0"
type = "source"
[[entry.files]]
name = "xmlparsedata_1.0.5.tar.gz"
hash = "sha256:766034ab5e9728609bd240c9954d23ca0cdb881a98a31b9d3e1c8767c7b7cbb0"
md5 = "3667d2785071e956227798e2a4cfbd49"


[[entry]]
categories = [ "dev",]
dependencies = [ "processx",]
name = "xopen"
version = "1.0.0"
source = "CRAN"
r_constraint = ">=3.1"
type = "source"
[[entry.files]]
name = "xopen_1.0.0.tar.gz"
hash = "sha256:e207603844d69c226142be95281ba2f4a056b9d8cbfae7791ba60535637b3bef"
md5 = "7c6b7c9c953fe8e758ea88ca533d3e03"


[[entry]]
categories = [ "dev",]
dependencies = [ "stats", "utils",]
name = "xtable"
version = "1.8-4"
source = "CRAN"
r_constraint = ">=2.10.0"
type = "source"
[[entry.files]]
name = "xtable_1.8-4.tar.gz"
hash = "sha256:5abec0e8c27865ef0880f1d19c9f9ca7cc0fd24eadaa72bcd270c3fb4075fd1c"
md5 = "0a7da6c3b34b2974110a7d00fe9afa79"


[[entry]]
categories = [ "dev",]
dependencies = []
name = "yaml"
version = "2.3.5"
source = "CRAN"
r_constraint = "*"
type = "source"
[[entry.files]]
name = "yaml_2.3.5.tar.gz"
hash = "sha256:3edf6c0554a0e184a25e8bec5721a2e66b4ab0dceb3737428e22705e52eb5140"
md5 = "cad17b63b4751da5321e74b3c54cb80d"


[[entry]]
categories = [ "dev",]
dependencies = []
name = "zip"
version = "2.2.1"
source = "CRAN"
r_constraint = "*"
type = "source"
[[entry.files]]
name = "zip_2.2.1.tar.gz"
hash = "sha256:14873d0874813139411c120d8b209af71e4e087871eeb963f235411eb1061422"
md5 = "f7c6f3ac61079cb7cdc19ad05923b8f7"


[metadata]
version = 2
content_hash = "7d1dcb327b9e889faefcf0849cd39df7f6ec73f179e8711c6b12b83c6a5f9845"
conservative = false
